
Microsoft Visual Studio Solution File, Format Version 12.00
# Visual Studio Version 17
VisualStudioVersion = 17.13.35806.99 d17.13
MinimumVisualStudioVersion = 10.0.40219.1
Project("{FAE04EC0-301F-11D3-BF4B-00C04F79EFBC}") = "AppLista", "AppLista.csproj", "{D9BE9EC7-A643-4F56-8314-78DC11A3AACB}"
EndProject
Global
	GlobalSection(SolutionConfigurationPlatforms) = preSolution
		Debug|Any CPU = Debug|Any CPU
		Release|Any CPU = Release|Any CPU
	EndGlobalSection
	GlobalSection(ProjectConfigurationPlatforms) = postSolution
		{D9BE9EC7-A643-4F56-8314-78DC11A3AACB}.Debug|Any CPU.ActiveCfg = Debug|Any CPU
		{D9BE9EC7-A643-4F56-8314-78DC11A3AACB}.Debug|Any CPU.Build.0 = Debug|Any CPU
		{D9BE9EC7-A643-4F56-8314-78DC11A3AACB}.Debug|Any CPU.Deploy.0 = Debug|Any CPU
		{D9BE9EC7-A643-4F56-8314-78DC11A3AACB}.Release|Any CPU.ActiveCfg = Release|Any CPU
		{D9BE9EC7-A643-4F56-8314-78DC11A3AACB}.Release|Any CPU.Build.0 = Release|Any CPU
		{D9BE9EC7-A643-4F56-8314-78DC11A3AACB}.Release|Any CPU.Deploy.0 = Release|Any CPU
	EndGlobalSection
	GlobalSection(SolutionProperties) = preSolution
		HideSolutionNode = FALSE
	EndGlobalSection
	GlobalSection(ExtensibilityGlobals) = postSolution
		SolutionGuid = {25DDE0CB-93F6-471D-9DAF-71A78D7487C5}
	EndGlobalSection
EndGlobal
